
Microsoft Visual Studio Solution File, Format Version 12.00
# Visual Studio Version 17
VisualStudioVersion = 17.9.34728.123
MinimumVisualStudioVersion = 10.0.40219.1
Project("{FAE04EC0-301F-11D3-BF4B-00C04F79EFBC}") = "Les Bases du C-Sharp", "Les Bases du C-Sharp.csproj", "{3EC68CBA-27CA-4792-B2FC-F1E93781A8ED}"
EndProject
Global
	GlobalSection(SolutionConfigurationPlatforms) = preSolution
		Debug|Any CPU = Debug|Any CPU
		Release|Any CPU = Release|Any CPU
	EndGlobalSection
	GlobalSection(ProjectConfigurationPlatforms) = postSolution
		{3EC68CBA-27CA-4792-B2FC-F1E93781A8ED}.Debug|Any CPU.ActiveCfg = Debug|Any CPU
		{3EC68CBA-27CA-4792-B2FC-F1E93781A8ED}.Debug|Any CPU.Build.0 = Debug|Any CPU
		{3EC68CBA-27CA-4792-B2FC-F1E93781A8ED}.Release|Any CPU.ActiveCfg = Release|Any CPU
		{3EC68CBA-27CA-4792-B2FC-F1E93781A8ED}.Release|Any CPU.Build.0 = Release|Any CPU
	EndGlobalSection
	GlobalSection(SolutionProperties) = preSolution
		HideSolutionNode = FALSE
	EndGlobalSection
	GlobalSection(ExtensibilityGlobals) = postSolution
		SolutionGuid = {EBD38326-FC26-4B4C-8C3A-626DCE99CC77}
	EndGlobalSection
EndGlobal
